
Microsoft Visual Studio Solution File, Format Version 12.00
# Visual Studio 15
VisualStudioVersion = 15.0.28307.705
MinimumVisualStudioVersion = 10.0.40219.1
Project("{FAE04EC0-301F-11D3-BF4B-00C04F79EFBC}") = "ParityOfNeighborsCSharp", "ParityOfNeighborsCSharp\ParityOfNeighborsCSharp.csproj", "{06B8CBA3-6AC3-4D51-81DC-EA8779D2B25A}"
EndProject
Global
	GlobalSection(SolutionConfigurationPlatforms) = preSolution
		Debug|Any CPU = Debug|Any CPU
		Release|Any CPU = Release|Any CPU
	EndGlobalSection
	GlobalSection(ProjectConfigurationPlatforms) = postSolution
		{06B8CBA3-6AC3-4D51-81DC-EA8779D2B25A}.Debug|Any CPU.ActiveCfg = Debug|Any CPU
		{06B8CBA3-6AC3-4D51-81DC-EA8779D2B25A}.Debug|Any CPU.Build.0 = Debug|Any CPU
		{06B8CBA3-6AC3-4D51-81DC-EA8779D2B25A}.Release|Any CPU.ActiveCfg = Release|Any CPU
		{06B8CBA3-6AC3-4D51-81DC-EA8779D2B25A}.Release|Any CPU.Build.0 = Release|Any CPU
	EndGlobalSection
	GlobalSection(SolutionProperties) = preSolution
		HideSolutionNode = FALSE
	EndGlobalSection
	GlobalSection(ExtensibilityGlobals) = postSolution
		SolutionGuid = {B8D1C086-83BC-4BFA-BF55-A30E7DD31DC2}
	EndGlobalSection
EndGlobal
